
Microsoft Visual Studio Solution File, Format Version 12.00
# Visual Studio Version 17
VisualStudioVersion = 17.8.34330.188
MinimumVisualStudioVersion = 10.0.40219.1
Project("{FAE04EC0-301F-11D3-BF4B-00C04F79EFBC}") = "TelegramBotLesson", "TelegramBotLesson\TelegramBotLesson.csproj", "{F489B458-84F6-4C72-94B7-147FB42E1F8D}"
EndProject
Global
	GlobalSection(SolutionConfigurationPlatforms) = preSolution
		Debug|Any CPU = Debug|Any CPU
		Release|Any CPU = Release|Any CPU
	EndGlobalSection
	GlobalSection(ProjectConfigurationPlatforms) = postSolution
		{F489B458-84F6-4C72-94B7-147FB42E1F8D}.Debug|Any CPU.ActiveCfg = Debug|Any CPU
		{F489B458-84F6-4C72-94B7-147FB42E1F8D}.Debug|Any CPU.Build.0 = Debug|Any CPU
		{F489B458-84F6-4C72-94B7-147FB42E1F8D}.Release|Any CPU.ActiveCfg = Release|Any CPU
		{F489B458-84F6-4C72-94B7-147FB42E1F8D}.Release|Any CPU.Build.0 = Release|Any CPU
	EndGlobalSection
	GlobalSection(SolutionProperties) = preSolution
		HideSolutionNode = FALSE
	EndGlobalSection
	GlobalSection(ExtensibilityGlobals) = postSolution
		SolutionGuid = {7418E5B3-B21F-43C1-A733-A064A698AFAD}
	EndGlobalSection
EndGlobal
